# This file is autogenerated, do not edit; changes may be undone by the next 'dep ensure'.


[[projects]]
  name = "github.com/hpcloud/tail"
  packages = [".","ratelimiter","util","watch","winfile"]
  revision = "a30252cb686a21eb2d0b98132633053ec2f7f1e5"
  version = "v1.0.0"

[[projects]]
  name = "gopkg.in/fsnotify.v1"
  packages = ["."]
  revision = "7be54206639f256967dd82fa767397ba5f8f48f5"
  version = "v1.2.1"

[[projects]]
  name = "gopkg.in/tomb.v1"
  packages = ["."]
  revision = "c131134a1947e9afd9cecfe11f4c6dff0732ae58"

[solve-meta]
  analyzer-name = "dep"
  analyzer-version = 1
  inputs-digest = "ebecdeaee7409b80f53cdf8edfe87e17d63efc0c800c3b2dc679538ad086846d"
  solver-name = "gps-cdcl"
  solver-version = 1
